// !$*UTF8*$!
{
	archiveVersion = 1;
	classes = {
	};
	objectVersion = 50;
	objects = {

/* Begin PBXBuildFile section */
		F967A716267604A60033D78C /* AppDelegate.swift in Sources */ = {isa = PBXBuildFile; fileRef = F967A715267604A60033D78C /* AppDelegate.swift */; };
		F967A718267604A60033D78C /* SceneDelegate.swift in Sources */ = {isa = PBXBuildFile; fileRef = F967A717267604A60033D78C /* SceneDelegate.swift */; };
		F967A71A267604A60033D78C /* NumbersFieldsView.swift in Sources */ = {isa = PBXBuildFile; fileRef = F967A719267604A60033D78C /* NumbersFieldsView.swift */; };
		F967A71C267604AA0033D78C /* Assets.xcassets in Resources */ = {isa = PBXBuildFile; fileRef = F967A71B267604AA0033D78C /* Assets.xcassets */; };
		F967A71F267604AA0033D78C /* Preview Assets.xcassets in Resources */ = {isa = PBXBuildFile; fileRef = F967A71E267604AA0033D78C /* Preview Assets.xcassets */; };
		F967A722267604AA0033D78C /* LaunchScreen.storyboard in Resources */ = {isa = PBXBuildFile; fileRef = F967A720267604AA0033D78C /* LaunchScreen.storyboard */; };
		F967A72D267604AA0033D78C /* Number_Of_EvensTests.swift in Sources */ = {isa = PBXBuildFile; fileRef = F967A72C267604AA0033D78C /* Number_Of_EvensTests.swift */; };
		F967A738267604AA0033D78C /* Number_Of_EvensUITests.swift in Sources */ = {isa = PBXBuildFile; fileRef = F967A737267604AA0033D78C /* Number_Of_EvensUITests.swift */; };
/* End PBXBuildFile section */

/* Begin PBXContainerItemProxy section */
		F967A729267604AA0033D78C /* PBXContainerItemProxy */ = {
			isa = PBXContainerItemProxy;
			containerPortal = F967A70A267604A60033D78C /* Project object */;
			proxyType = 1;
			remoteGlobalIDString = F967A711267604A60033D78C;
			remoteInfo = "Number Of Evens";
		};
		F967A734267604AA0033D78C /* PBXContainerItemProxy */ = {
			isa = PBXContainerItemProxy;
			containerPortal = F967A70A267604A60033D78C /* Project object */;
			proxyType = 1;
			remoteGlobalIDString = F967A711267604A60033D78C;
			remoteInfo = "Number Of Evens";
		};
/* End PBXContainerItemProxy section */

/* Begin PBXFileReference section */
		F967A712267604A60033D78C /* Number Of Evens.app */ = {isa = PBXFileReference; explicitFileType = wrapper.application; includeInIndex = 0; path = "Number Of Evens.app"; sourceTree = BUILT_PRODUCTS_DIR; };
		F967A715267604A60033D78C /* AppDelegate.swift */ = {isa = PBXFileReference; lastKnownFileType = sourcecode.swift; path = AppDelegate.swift; sourceTree = "<group>"; };
		F967A717267604A60033D78C /* SceneDelegate.swift */ = {isa = PBXFileReference; lastKnownFileType = sourcecode.swift; path = SceneDelegate.swift; sourceTree = "<group>"; };
		F967A719267604A60033D78C /* NumbersFieldsView.swift */ = {isa = PBXFileReference; lastKnownFileType = sourcecode.swift; path = NumbersFieldsView.swift; sourceTree = "<group>"; };
		F967A71B267604AA0033D78C /* Assets.xcassets */ = {isa = PBXFileReference; lastKnownFileType = folder.assetcatalog; path = Assets.xcassets; sourceTree = "<group>"; };
		F967A71E267604AA0033D78C /* Preview Assets.xcassets */ = {isa = PBXFileReference; lastKnownFileType = folder.assetcatalog; path = "Preview Assets.xcassets"; sourceTree = "<group>"; };
		F967A721267604AA0033D78C /* Base */ = {isa = PBXFileReference; lastKnownFileType = file.storyboard; name = Base; path = Base.lproj/LaunchScreen.storyboard; sourceTree = "<group>"; };
		F967A723267604AA0033D78C /* Info.plist */ = {isa = PBXFileReference; lastKnownFileType = text.plist.xml; path = Info.plist; sourceTree = "<group>"; };
		F967A728267604AA0033D78C /* Number Of EvensTests.xctest */ = {isa = PBXFileReference; explicitFileType = wrapper.cfbundle; includeInIndex = 0; path = "Number Of EvensTests.xctest"; sourceTree = BUILT_PRODUCTS_DIR; };
		F967A72C267604AA0033D78C /* Number_Of_EvensTests.swift */ = {isa = PBXFileReference; lastKnownFileType = sourcecode.swift; path = Number_Of_EvensTests.swift; sourceTree = "<group>"; };
		F967A72E267604AA0033D78C /* Info.plist */ = {isa = PBXFileReference; lastKnownFileType = text.plist.xml; path = Info.plist; sourceTree = "<group>"; };
		F967A733267604AA0033D78C /* Number Of EvensUITests.xctest */ = {isa = PBXFileReference; explicitFileType = wrapper.cfbundle; includeInIndex = 0; path = "Number Of EvensUITests.xctest"; sourceTree = BUILT_PRODUCTS_DIR; };
		F967A737267604AA0033D78C /* Number_Of_EvensUITests.swift */ = {isa = PBXFileReference; lastKnownFileType = sourcecode.swift; path = Number_Of_EvensUITests.swift; sourceTree = "<group>"; };
		F967A739267604AA0033D78C /* Info.plist */ = {isa = PBXFileReference; lastKnownFileType = text.plist.xml; path = Info.plist; sourceTree = "<group>"; };
/* End PBXFileReference section */

/* Begin PBXFrameworksBuildPhase section */
		F967A70F267604A60033D78C /* Frameworks */ = {
			isa = PBXFrameworksBuildPhase;
			buildActionMask = 2147483647;
			files = (
			);
			runOnlyForDeploymentPostprocessing = 0;
		};
		F967A725267604AA0033D78C /* Frameworks */ = {
			isa = PBXFrameworksBuildPhase;
			buildActionMask = 2147483647;
			files = (
			);
			runOnlyForDeploymentPostprocessing = 0;
		};
		F967A730267604AA0033D78C /* Frameworks */ = {
			isa = PBXFrameworksBuildPhase;
			buildActionMask = 2147483647;
			files = (
			);
			runOnlyForDeploymentPostprocessing = 0;
		};
/* End PBXFrameworksBuildPhase section */

/* Begin PBXGroup section */
		F967A709267604A60033D78C = {
			isa = PBXGroup;
			children = (
				F967A714267604A60033D78C /* Number Of Evens */,
				F967A72B267604AA0033D78C /* Number Of EvensTests */,
				F967A736267604AA0033D78C /* Number Of EvensUITests */,
				F967A713267604A60033D78C /* Products */,
			);
			sourceTree = "<group>";
		};
		F967A713267604A60033D78C /* Products */ = {
			isa = PBXGroup;
			children = (
				F967A712267604A60033D78C /* Number Of Evens.app */,
				F967A728267604AA0033D78C /* Number Of EvensTests.xctest */,
				F967A733267604AA0033D78C /* Number Of EvensUITests.xctest */,
			);
			name = Products;
			sourceTree = "<group>";
		};
		F967A714267604A60033D78C /* Number Of Evens */ = {
			isa = PBXGroup;
			children = (
				F967A715267604A60033D78C /* AppDelegate.swift */,
				F967A717267604A60033D78C /* SceneDelegate.swift */,
				F967A719267604A60033D78C /* NumbersFieldsView.swift */,
				F967A71B267604AA0033D78C /* Assets.xcassets */,
				F967A720267604AA0033D78C /* LaunchScreen.storyboard */,
				F967A723267604AA0033D78C /* Info.plist */,
				F967A71D267604AA0033D78C /* Preview Content */,
			);
			path = "Number Of Evens";
			sourceTree = "<group>";
		};
		F967A71D267604AA0033D78C /* Preview Content */ = {
			isa = PBXGroup;
			children = (
				F967A71E267604AA0033D78C /* Preview Assets.xcassets */,
			);
			path = "Preview Content";
			sourceTree = "<group>";
		};
		F967A72B267604AA0033D78C /* Number Of EvensTests */ = {
			isa = PBXGroup;
			children = (
				F967A72C267604AA0033D78C /* Number_Of_EvensTests.swift */,
				F967A72E267604AA0033D78C /* Info.plist */,
			);
			path = "Number Of EvensTests";
			sourceTree = "<group>";
		};
		F967A736267604AA0033D78C /* Number Of EvensUITests */ = {
			isa = PBXGroup;
			children = (
				F967A737267604AA0033D78C /* Number_Of_EvensUITests.swift */,
				F967A739267604AA0033D78C /* Info.plist */,
			);
			path = "Number Of EvensUITests";
			sourceTree = "<group>";
		};
/* End PBXGroup section */

/* Begin PBXNativeTarget section */
		F967A711267604A60033D78C /* Number Of Evens */ = {
			isa = PBXNativeTarget;
			buildConfigurationList = F967A73C267604AA0033D78C /* Build configuration list for PBXNativeTarget "Number Of Evens" */;
			buildPhases = (
				F967A70E267604A60033D78C /* Sources */,
				F967A70F267604A60033D78C /* Frameworks */,
				F967A710267604A60033D78C /* Resources */,
			);
			buildRules = (
			);
			dependencies = (
			);
			name = "Number Of Evens";
			productName = "Number Of Evens";
			productReference = F967A712267604A60033D78C /* Number Of Evens.app */;
			productType = "com.apple.product-type.application";
		};
		F967A727267604AA0033D78C /* Number Of EvensTests */ = {
			isa = PBXNativeTarget;
			buildConfigurationList = F967A73F267604AA0033D78C /* Build configuration list for PBXNativeTarget "Number Of EvensTests" */;
			buildPhases = (
				F967A724267604AA0033D78C /* Sources */,
				F967A725267604AA0033D78C /* Frameworks */,
				F967A726267604AA0033D78C /* Resources */,
			);
			buildRules = (
			);
			dependencies = (
				F967A72A267604AA0033D78C /* PBXTargetDependency */,
			);
			name = "Number Of EvensTests";
			productName = "Number Of EvensTests";
			productReference = F967A728267604AA0033D78C /* Number Of EvensTests.xctest */;
			productType = "com.apple.product-type.bundle.unit-test";
		};
		F967A732267604AA0033D78C /* Number Of EvensUITests */ = {
			isa = PBXNativeTarget;
			buildConfigurationList = F967A742267604AA0033D78C /* Build configuration list for PBXNativeTarget "Number Of EvensUITests" */;
			buildPhases = (
				F967A72F267604AA0033D78C /* Sources */,
				F967A730267604AA0033D78C /* Frameworks */,
				F967A731267604AA0033D78C /* Resources */,
			);
			buildRules = (
			);
			dependencies = (
				F967A735267604AA0033D78C /* PBXTargetDependency */,
			);
			name = "Number Of EvensUITests";
			productName = "Number Of EvensUITests";
			productReference = F967A733267604AA0033D78C /* Number Of EvensUITests.xctest */;
			productType = "com.apple.product-type.bundle.ui-testing";
		};
/* End PBXNativeTarget section */

/* Begin PBXProject section */
		F967A70A267604A60033D78C /* Project object */ = {
			isa = PBXProject;
			attributes = {
				LastSwiftUpdateCheck = 1240;
				LastUpgradeCheck = 1240;
				TargetAttributes = {
					F967A711267604A60033D78C = {
						CreatedOnToolsVersion = 12.4;
					};
					F967A727267604AA0033D78C = {
						CreatedOnToolsVersion = 12.4;
						TestTargetID = F967A711267604A60033D78C;
					};
					F967A732267604AA0033D78C = {
						CreatedOnToolsVersion = 12.4;
						TestTargetID = F967A711267604A60033D78C;
					};
				};
			};
			buildConfigurationList = F967A70D267604A60033D78C /* Build configuration list for PBXProject "Number Of Evens" */;
			compatibilityVersion = "Xcode 9.3";
			developmentRegion = en;
			hasScannedForEncodings = 0;
			knownRegions = (
				en,
				Base,
			);
			mainGroup = F967A709267604A60033D78C;
			productRefGroup = F967A713267604A60033D78C /* Products */;
			projectDirPath = "";
			projectRoot = "";
			targets = (
				F967A711267604A60033D78C /* Number Of Evens */,
				F967A727267604AA0033D78C /* Number Of EvensTests */,
				F967A732267604AA0033D78C /* Number Of EvensUITests */,
			);
		};
/* End PBXProject section */

/* Begin PBXResourcesBuildPhase section */
		F967A710267604A60033D78C /* Resources */ = {
			isa = PBXResourcesBuildPhase;
			buildActionMask = 2147483647;
			files = (
				F967A722267604AA0033D78C /* LaunchScreen.storyboard in Resources */,
				F967A71F267604AA0033D78C /* Preview Assets.xcassets in Resources */,
				F967A71C267604AA0033D78C /* Assets.xcassets in Resources */,
			);
			runOnlyForDeploymentPostprocessing = 0;
		};
		F967A726267604AA0033D78C /* Resources */ = {
			isa = PBXResourcesBuildPhase;
			buildActionMask = 2147483647;
			files = (
			);
			runOnlyForDeploymentPostprocessing = 0;
		};
		F967A731267604AA0033D78C /* Resources */ = {
			isa = PBXResourcesBuildPhase;
			buildActionMask = 2147483647;
			files = (
			);
			runOnlyForDeploymentPostprocessing = 0;
		};
/* End PBXResourcesBuildPhase section */

/* Begin PBXSourcesBuildPhase section */
		F967A70E267604A60033D78C /* Sources */ = {
			isa = PBXSourcesBuildPhase;
			buildActionMask = 2147483647;
			files = (
				F967A716267604A60033D78C /* AppDelegate.swift in Sources */,
				F967A718267604A60033D78C /* SceneDelegate.swift in Sources */,
				F967A71A267604A60033D78C /* NumbersFieldsView.swift in Sources */,
			);
			runOnlyForDeploymentPostprocessing = 0;
		};
		F967A724267604AA0033D78C /* Sources */ = {
			isa = PBXSourcesBuildPhase;
			buildActionMask = 2147483647;
			files = (
				F967A72D267604AA0033D78C /* Number_Of_EvensTests.swift in Sources */,
			);
			runOnlyForDeploymentPostprocessing = 0;
		};
		F967A72F267604AA0033D78C /* Sources */ = {
			isa = PBXSourcesBuildPhase;
			buildActionMask = 2147483647;
			files = (
				F967A738267604AA0033D78C /* Number_Of_EvensUITests.swift in Sources */,
			);
			runOnlyForDeploymentPostprocessing = 0;
		};
/* End PBXSourcesBuildPhase section */

/* Begin PBXTargetDependency section */
		F967A72A267604AA0033D78C /* PBXTargetDependency */ = {
			isa = PBXTargetDependency;
			target = F967A711267604A60033D78C /* Number Of Evens */;
			targetProxy = F967A729267604AA0033D78C /* PBXContainerItemProxy */;
		};
		F967A735267604AA0033D78C /* PBXTargetDependency */ = {
			isa = PBXTargetDependency;
			target = F967A711267604A60033D78C /* Number Of Evens */;
			targetProxy = F967A734267604AA0033D78C /* PBXContainerItemProxy */;
		};
/* End PBXTargetDependency section */

/* Begin PBXVariantGroup section */
		F967A720267604AA0033D78C /* LaunchScreen.storyboard */ = {
			isa = PBXVariantGroup;
			children = (
				F967A721267604AA0033D78C /* Base */,
			);
			name = LaunchScreen.storyboard;
			sourceTree = "<group>";
		};
/* End PBXVariantGroup section */

/* Begin XCBuildConfiguration section */
		F967A73A267604AA0033D78C /* Debug */ = {
			isa = XCBuildConfiguration;
			buildSettings = {
				ALWAYS_SEARCH_USER_PATHS = NO;
				CLANG_ANALYZER_NONNULL = YES;
				CLANG_ANALYZER_NUMBER_OBJECT_CONVERSION = YES_AGGRESSIVE;
				CLANG_CXX_LANGUAGE_STANDARD = "gnu++14";
				CLANG_CXX_LIBRARY = "libc++";
				CLANG_ENABLE_MODULES = YES;
				CLANG_ENABLE_OBJC_ARC = YES;
				CLANG_ENABLE_OBJC_WEAK = YES;
				CLANG_WARN_BLOCK_CAPTURE_AUTORELEASING = YES;
				CLANG_WARN_BOOL_CONVERSION = YES;
				CLANG_WARN_COMMA = YES;
				CLANG_WARN_CONSTANT_CONVERSION = YES;
				CLANG_WARN_DEPRECATED_OBJC_IMPLEMENTATIONS = YES;
				CLANG_WARN_DIRECT_OBJC_ISA_USAGE = YES_ERROR;
				CLANG_WARN_DOCUMENTATION_COMMENTS = YES;
				CLANG_WARN_EMPTY_BODY = YES;
				CLANG_WARN_ENUM_CONVERSION = YES;
				CLANG_WARN_INFINITE_RECURSION = YES;
				CLANG_WARN_INT_CONVERSION = YES;
				CLANG_WARN_NON_LITERAL_NULL_CONVERSION = YES;
				CLANG_WARN_OBJC_IMPLICIT_RETAIN_SELF = YES;
				CLANG_WARN_OBJC_LITERAL_CONVERSION = YES;
				CLANG_WARN_OBJC_ROOT_CLASS = YES_ERROR;
				CLANG_WARN_QUOTED_INCLUDE_IN_FRAMEWORK_HEADER = YES;
				CLANG_WARN_RANGE_LOOP_ANALYSIS = YES;
				CLANG_WARN_STRICT_PROTOTYPES = YES;
				CLANG_WARN_SUSPICIOUS_MOVE = YES;
				CLANG_WARN_UNGUARDED_AVAILABILITY = YES_AGGRESSIVE;
				CLANG_WARN_UNREACHABLE_CODE = YES;
				CLANG_WARN__DUPLICATE_METHOD_MATCH = YES;
				COPY_PHASE_STRIP = NO;
				DEBUG_INFORMATION_FORMAT = dwarf;
				ENABLE_STRICT_OBJC_MSGSEND = YES;
				ENABLE_TESTABILITY = YES;
				GCC_C_LANGUAGE_STANDARD = gnu11;
				GCC_DYNAMIC_NO_PIC = NO;
				GCC_NO_COMMON_BLOCKS = YES;
				GCC_OPTIMIZATION_LEVEL = 0;
				GCC_PREPROCESSOR_DEFINITIONS = (
					"DEBUG=1",
					"$(inherited)",
				);
				GCC_WARN_64_TO_32_BIT_CONVERSION = YES;
				GCC_WARN_ABOUT_RETURN_TYPE = YES_ERROR;
				GCC_WARN_UNDECLARED_SELECTOR = YES;
				GCC_WARN_UNINITIALIZED_AUTOS = YES_AGGRESSIVE;
				GCC_WARN_UNUSED_FUNCTION = YES;
				GCC_WARN_UNUSED_VARIABLE = YES;
				IPHONEOS_DEPLOYMENT_TARGET = 14.4;
				MTL_ENABLE_DEBUG_INFO = INCLUDE_SOURCE;
				MTL_FAST_MATH = YES;
				ONLY_ACTIVE_ARCH = YES;
				SDKROOT = iphoneos;
				SWIFT_ACTIVE_COMPILATION_CONDITIONS = DEBUG;
				SWIFT_OPTIMIZATION_LEVEL = "-Onone";
			};
			name = Debug;
		};
		F967A73B267604AA0033D78C /* Release */ = {
			isa = XCBuildConfiguration;
			buildSettings = {
				ALWAYS_SEARCH_USER_PATHS = NO;
				CLANG_ANALYZER_NONNULL = YES;
				CLANG_ANALYZER_NUMBER_OBJECT_CONVERSION = YES_AGGRESSIVE;
				CLANG_CXX_LANGUAGE_STANDARD = "gnu++14";
				CLANG_CXX_LIBRARY = "libc++";
				CLANG_ENABLE_MODULES = YES;
				CLANG_ENABLE_OBJC_ARC = YES;
				CLANG_ENABLE_OBJC_WEAK = YES;
				CLANG_WARN_BLOCK_CAPTURE_AUTORELEASING = YES;
				CLANG_WARN_BOOL_CONVERSION = YES;
				CLANG_WARN_COMMA = YES;
				CLANG_WARN_CONSTANT_CONVERSION = YES;
				CLANG_WARN_DEPRECATED_OBJC_IMPLEMENTATIONS = YES;
				CLANG_WARN_DIRECT_OBJC_ISA_USAGE = YES_ERROR;
				CLANG_WARN_DOCUMENTATION_COMMENTS = YES;
				CLANG_WARN_EMPTY_BODY = YES;
				CLANG_WARN_ENUM_CONVERSION = YES;
				CLANG_WARN_INFINITE_RECURSION = YES;
				CLANG_WARN_INT_CONVERSION = YES;
				CLANG_WARN_NON_LITERAL_NULL_CONVERSION = YES;
				CLANG_WARN_OBJC_IMPLICIT_RETAIN_SELF = YES;
				CLANG_WARN_OBJC_LITERAL_CONVERSION = YES;
				CLANG_WARN_OBJC_ROOT_CLASS = YES_ERROR;
				CLANG_WARN_QUOTED_INCLUDE_IN_FRAMEWORK_HEADER = YES;
				CLANG_WARN_RANGE_LOOP_ANALYSIS = YES;
				CLANG_WARN_STRICT_PROTOTYPES = YES;
				CLANG_WARN_SUSPICIOUS_MOVE = YES;
				CLANG_WARN_UNGUARDED_AVAILABILITY = YES_AGGRESSIVE;
				CLANG_WARN_UNREACHABLE_CODE = YES;
				CLANG_WARN__DUPLICATE_METHOD_MATCH = YES;
				COPY_PHASE_STRIP = NO;
				DEBUG_INFORMATION_FORMAT = "dwarf-with-dsym";
				ENABLE_NS_ASSERTIONS = NO;
				ENABLE_STRICT_OBJC_MSGSEND = YES;
				GCC_C_LANGUAGE_STANDARD = gnu11;
				GCC_NO_COMMON_BLOCKS = YES;
				GCC_WARN_64_TO_32_BIT_CONVERSION = YES;
				GCC_WARN_ABOUT_RETURN_TYPE = YES_ERROR;
				GCC_WARN_UNDECLARED_SELECTOR = YES;
				GCC_WARN_UNINITIALIZED_AUTOS = YES_AGGRESSIVE;
				GCC_WARN_UNUSED_FUNCTION = YES;
				GCC_WARN_UNUSED_VARIABLE = YES;
				IPHONEOS_DEPLOYMENT_TARGET = 14.4;
				MTL_ENABLE_DEBUG_INFO = NO;
				MTL_FAST_MATH = YES;
				SDKROOT = iphoneos;
				SWIFT_COMPILATION_MODE = wholemodule;
				SWIFT_OPTIMIZATION_LEVEL = "-O";
				VALIDATE_PRODUCT = YES;
			};
			name = Release;
		};
		F967A73D267604AA0033D78C /* Debug */ = {
			isa = XCBuildConfiguration;
			buildSettings = {
				ASSETCATALOG_COMPILER_APPICON_NAME = AppIcon;
				ASSETCATALOG_COMPILER_GLOBAL_ACCENT_COLOR_NAME = AccentColor;
				CODE_SIGN_STYLE = Automatic;
				DEVELOPMENT_ASSET_PATHS = "\"Number Of Evens/Preview Content\"";
				DEVELOPMENT_TEAM = CPV69R4857;
				ENABLE_PREVIEWS = YES;
				INFOPLIST_FILE = "Number Of Evens/Info.plist";
				LD_RUNPATH_SEARCH_PATHS = (
					"$(inherited)",
					"@executable_path/Frameworks",
				);
				PRODUCT_BUNDLE_IDENTIFIER = "com.loai.Number-Of-Evens";
				PRODUCT_NAME = "$(TARGET_NAME)";
				SWIFT_VERSION = 5.0;
				TARGETED_DEVICE_FAMILY = "1,2";
			};
			name = Debug;
		};
		F967A73E267604AA0033D78C /* Release */ = {
			isa = XCBuildConfiguration;
			buildSettings = {
				ASSETCATALOG_COMPILER_APPICON_NAME = AppIcon;
				ASSETCATALOG_COMPILER_GLOBAL_ACCENT_COLOR_NAME = AccentColor;
				CODE_SIGN_STYLE = Automatic;
				DEVELOPMENT_ASSET_PATHS = "\"Number Of Evens/Preview Content\"";
				DEVELOPMENT_TEAM = CPV69R4857;
				ENABLE_PREVIEWS = YES;
				INFOPLIST_FILE = "Number Of Evens/Info.plist";
				LD_RUNPATH_SEARCH_PATHS = (
					"$(inherited)",
					"@executable_path/Frameworks",
				);
				PRODUCT_BUNDLE_IDENTIFIER = "com.loai.Number-Of-Evens";
				PRODUCT_NAME = "$(TARGET_NAME)";
				SWIFT_VERSION = 5.0;
				TARGETED_DEVICE_FAMILY = "1,2";
			};
			name = Release;
		};
		F967A740267604AA0033D78C /* Debug */ = {
			isa = XCBuildConfiguration;
			buildSettings = {
				ALWAYS_EMBED_SWIFT_STANDARD_LIBRARIES = YES;
				BUNDLE_LOADER = "$(TEST_HOST)";
				CODE_SIGN_STYLE = Automatic;
				DEVELOPMENT_TEAM = CPV69R4857;
				INFOPLIST_FILE = "Number Of EvensTests/Info.plist";
				IPHONEOS_DEPLOYMENT_TARGET = 14.4;
				LD_RUNPATH_SEARCH_PATHS = (
					"$(inherited)",
					"@executable_path/Frameworks",
					"@loader_path/Frameworks",
				);
				PRODUCT_BUNDLE_IDENTIFIER = "com.loai.Number-Of-EvensTests";
				PRODUCT_NAME = "$(TARGET_NAME)";
				SWIFT_VERSION = 5.0;
				TARGETED_DEVICE_FAMILY = "1,2";
				TEST_HOST = "$(BUILT_PRODUCTS_DIR)/Number Of Evens.app/Number Of Evens";
			};
			name = Debug;
		};
		F967A741267604AA0033D78C /* Release */ = {
			isa = XCBuildConfiguration;
			buildSettings = {
				ALWAYS_EMBED_SWIFT_STANDARD_LIBRARIES = YES;
				BUNDLE_LOADER = "$(TEST_HOST)";
				CODE_SIGN_STYLE = Automatic;
				DEVELOPMENT_TEAM = CPV69R4857;
				INFOPLIST_FILE = "Number Of EvensTests/Info.plist";
				IPHONEOS_DEPLOYMENT_TARGET = 14.4;
				LD_RUNPATH_SEARCH_PATHS = (
					"$(inherited)",
					"@executable_path/Frameworks",
					"@loader_path/Frameworks",
				);
				PRODUCT_BUNDLE_IDENTIFIER = "com.loai.Number-Of-EvensTests";
				PRODUCT_NAME = "$(TARGET_NAME)";
				SWIFT_VERSION = 5.0;
				TARGETED_DEVICE_FAMILY = "1,2";
				TEST_HOST = "$(BUILT_PRODUCTS_DIR)/Number Of Evens.app/Number Of Evens";
			};
			name = Release;
		};
		F967A743267604AA0033D78C /* Debug */ = {
			isa = XCBuildConfiguration;
			buildSettings = {
				ALWAYS_EMBED_SWIFT_STANDARD_LIBRARIES = YES;
				CODE_SIGN_STYLE = Automatic;
				DEVELOPMENT_TEAM = CPV69R4857;
				INFOPLIST_FILE = "Number Of EvensUITests/Info.plist";
				LD_RUNPATH_SEARCH_PATHS = (
					"$(inherited)",
					"@executable_path/Frameworks",
					"@loader_path/Frameworks",
				);
				PRODUCT_BUNDLE_IDENTIFIER = "com.loai.Number-Of-EvensUITests";
				PRODUCT_NAME = "$(TARGET_NAME)";
				SWIFT_VERSION = 5.0;
				TARGETED_DEVICE_FAMILY = "1,2";
				TEST_TARGET_NAME = "Number Of Evens";
			};
			name = Debug;
		};
		F967A744267604AA0033D78C /* Release */ = {
			isa = XCBuildConfiguration;
			buildSettings = {
				ALWAYS_EMBED_SWIFT_STANDARD_LIBRARIES = YES;
				CODE_SIGN_STYLE = Automatic;
				DEVELOPMENT_TEAM = CPV69R4857;
				INFOPLIST_FILE = "Number Of EvensUITests/Info.plist";
				LD_RUNPATH_SEARCH_PATHS = (
					"$(inherited)",
					"@executable_path/Frameworks",
					"@loader_path/Frameworks",
				);
				PRODUCT_BUNDLE_IDENTIFIER = "com.loai.Number-Of-EvensUITests";
				PRODUCT_NAME = "$(TARGET_NAME)";
				SWIFT_VERSION = 5.0;
				TARGETED_DEVICE_FAMILY = "1,2";
				TEST_TARGET_NAME = "Number Of Evens";
			};
			name = Release;
		};
/* End XCBuildConfiguration section */

/* Begin XCConfigurationList section */
		F967A70D267604A60033D78C /* Build configuration list for PBXProject "Number Of Evens" */ = {
			isa = XCConfigurationList;
			buildConfigurations = (
				F967A73A267604AA0033D78C /* Debug */,
				F967A73B267604AA0033D78C /* Release */,
			);
			defaultConfigurationIsVisible = 0;
			defaultConfigurationName = Release;
		};
		F967A73C267604AA0033D78C /* Build configuration list for PBXNativeTarget "Number Of Evens" */ = {
			isa = XCConfigurationList;
			buildConfigurations = (
				F967A73D267604AA0033D78C /* Debug */,
				F967A73E267604AA0033D78C /* Release */,
			);
			defaultConfigurationIsVisible = 0;
			defaultConfigurationName = Release;
		};
		F967A73F267604AA0033D78C /* Build configuration list for PBXNativeTarget "Number Of EvensTests" */ = {
			isa = XCConfigurationList;
			buildConfigurations = (
				F967A740267604AA0033D78C /* Debug */,
				F967A741267604AA0033D78C /* Release */,
			);
			defaultConfigurationIsVisible = 0;
			defaultConfigurationName = Release;
		};
		F967A742267604AA0033D78C /* Build configuration list for PBXNativeTarget "Number Of EvensUITests" */ = {
			isa = XCConfigurationList;
			buildConfigurations = (
				F967A743267604AA0033D78C /* Debug */,
				F967A744267604AA0033D78C /* Release */,
			);
			defaultConfigurationIsVisible = 0;
			defaultConfigurationName = Release;
		};
/* End XCConfigurationList section */
	};
	rootObject = F967A70A267604A60033D78C /* Project object */;
}
